
Microsoft Visual Studio Solution File, Format Version 12.00
# Visual Studio 15
VisualStudioVersion = 15.0.26403.7
MinimumVisualStudioVersion = 10.0.40219.1
Project("{FAE04EC0-301F-11D3-BF4B-00C04F79EFBC}") = "CassandraDemo.ConsoleApp", "CassandraDemo.ConsoleApp\CassandraDemo.ConsoleApp.csproj", "{1B8A6DE6-D5A8-428E-99E0-01B132A44624}"
EndProject
Global
	GlobalSection(SolutionConfigurationPlatforms) = preSolution
		Debug|Any CPU = Debug|Any CPU
		Release|Any CPU = Release|Any CPU
	EndGlobalSection
	GlobalSection(ProjectConfigurationPlatforms) = postSolution
		{1B8A6DE6-D5A8-428E-99E0-01B132A44624}.Debug|Any CPU.ActiveCfg = Debug|Any CPU
		{1B8A6DE6-D5A8-428E-99E0-01B132A44624}.Debug|Any CPU.Build.0 = Debug|Any CPU
		{1B8A6DE6-D5A8-428E-99E0-01B132A44624}.Release|Any CPU.ActiveCfg = Release|Any CPU
		{1B8A6DE6-D5A8-428E-99E0-01B132A44624}.Release|Any CPU.Build.0 = Release|Any CPU
	EndGlobalSection
	GlobalSection(SolutionProperties) = preSolution
		HideSolutionNode = FALSE
	EndGlobalSection
EndGlobal
